
Microsoft Visual Studio Solution File, Format Version 12.00
# Visual Studio Version 16
VisualStudioVersion = 16.0.30907.101
MinimumVisualStudioVersion = 10.0.40219.1
Project("{FAE04EC0-301F-11D3-BF4B-00C04F79EFBC}") = "k+k.REST", "k+k.REST\k+k.REST.csproj", "{5EA02BBC-1306-4CF4-8C07-EAE917D445FF}"
EndProject
Project("{FAE04EC0-301F-11D3-BF4B-00C04F79EFBC}") = "k+k.Service", "k+k.Service\k+k.Service.csproj", "{83B21ADF-5660-42A4-97CC-EB0133BA7D9A}"
EndProject
Project("{FAE04EC0-301F-11D3-BF4B-00C04F79EFBC}") = "k+k.Model", "k+k.Model\k+k.Model.csproj", "{7AB2B01B-7347-4D08-B31F-0E939C468C5A}"
EndProject
Project("{FAE04EC0-301F-11D3-BF4B-00C04F79EFBC}") = "k+k.EF", "k+k.EF\k+k.EF.csproj", "{3C92E82C-247B-4A89-A73C-87B06B2DA82E}"
EndProject
Project("{FAE04EC0-301F-11D3-BF4B-00C04F79EFBC}") = "k+k.Test", "k+k.Test\k+k.Test.csproj", "{F4F8B816-1DB3-4621-A30E-ADF21B5781FE}"
EndProject
Global
	GlobalSection(SolutionConfigurationPlatforms) = preSolution
		Debug|Any CPU = Debug|Any CPU
		Release|Any CPU = Release|Any CPU
	EndGlobalSection
	GlobalSection(ProjectConfigurationPlatforms) = postSolution
		{5EA02BBC-1306-4CF4-8C07-EAE917D445FF}.Debug|Any CPU.ActiveCfg = Debug|Any CPU
		{5EA02BBC-1306-4CF4-8C07-EAE917D445FF}.Debug|Any CPU.Build.0 = Debug|Any CPU
		{5EA02BBC-1306-4CF4-8C07-EAE917D445FF}.Release|Any CPU.ActiveCfg = Release|Any CPU
		{5EA02BBC-1306-4CF4-8C07-EAE917D445FF}.Release|Any CPU.Build.0 = Release|Any CPU
		{83B21ADF-5660-42A4-97CC-EB0133BA7D9A}.Debug|Any CPU.ActiveCfg = Debug|Any CPU
		{83B21ADF-5660-42A4-97CC-EB0133BA7D9A}.Debug|Any CPU.Build.0 = Debug|Any CPU
		{83B21ADF-5660-42A4-97CC-EB0133BA7D9A}.Release|Any CPU.ActiveCfg = Release|Any CPU
		{83B21ADF-5660-42A4-97CC-EB0133BA7D9A}.Release|Any CPU.Build.0 = Release|Any CPU
		{7AB2B01B-7347-4D08-B31F-0E939C468C5A}.Debug|Any CPU.ActiveCfg = Debug|Any CPU
		{7AB2B01B-7347-4D08-B31F-0E939C468C5A}.Debug|Any CPU.Build.0 = Debug|Any CPU
		{7AB2B01B-7347-4D08-B31F-0E939C468C5A}.Release|Any CPU.ActiveCfg = Release|Any CPU
		{7AB2B01B-7347-4D08-B31F-0E939C468C5A}.Release|Any CPU.Build.0 = Release|Any CPU
		{3C92E82C-247B-4A89-A73C-87B06B2DA82E}.Debug|Any CPU.ActiveCfg = Debug|Any CPU
		{3C92E82C-247B-4A89-A73C-87B06B2DA82E}.Debug|Any CPU.Build.0 = Debug|Any CPU
		{3C92E82C-247B-4A89-A73C-87B06B2DA82E}.Release|Any CPU.ActiveCfg = Release|Any CPU
		{3C92E82C-247B-4A89-A73C-87B06B2DA82E}.Release|Any CPU.Build.0 = Release|Any CPU
		{F4F8B816-1DB3-4621-A30E-ADF21B5781FE}.Debug|Any CPU.ActiveCfg = Debug|Any CPU
		{F4F8B816-1DB3-4621-A30E-ADF21B5781FE}.Debug|Any CPU.Build.0 = Debug|Any CPU
		{F4F8B816-1DB3-4621-A30E-ADF21B5781FE}.Release|Any CPU.ActiveCfg = Release|Any CPU
		{F4F8B816-1DB3-4621-A30E-ADF21B5781FE}.Release|Any CPU.Build.0 = Release|Any CPU
	EndGlobalSection
	GlobalSection(SolutionProperties) = preSolution
		HideSolutionNode = FALSE
	EndGlobalSection
	GlobalSection(ExtensibilityGlobals) = postSolution
		SolutionGuid = {66609A90-62AA-4F24-A7A1-2A4833565781}
	EndGlobalSection
EndGlobal
